
Microsoft Visual Studio Solution File, Format Version 11.00
# Visual Studio 2010
Project("{8BC9CEB8-8B4A-11D0-8D11-00A0C91BC942}") = "EllieSpeed.Plugin", "EllieSpeed.Plugin\EllieSpeed.Plugin.vcxproj", "{39EEA429-10D2-421E-95F3-D902315B6ACA}"
EndProject
Project("{FAE04EC0-301F-11D3-BF4B-00C04F79EFBC}") = "EllieSpeed.Plugin.Test", "EllieSpeed.Plugin.Test\EllieSpeed.Plugin.Test.csproj", "{33CB6B1E-0A4C-4DD3-9EDA-D1EB85D58A86}"
EndProject
Project("{FAE04EC0-301F-11D3-BF4B-00C04F79EFBC}") = "EllieSpeed.Interfaces", "EllieSpeed.Interfaces\EllieSpeed.Interfaces.csproj", "{6876CD48-53D2-44C7-A077-2BF6A73CB366}"
EndProject
Project("{FAE04EC0-301F-11D3-BF4B-00C04F79EFBC}") = "EllieSpeed.Broadcast", "EllieSpeed.Broadcast\EllieSpeed.Broadcast.csproj", "{180EA89E-CB8D-4889-B70E-4F5A77B219ED}"
EndProject
Project("{FAE04EC0-301F-11D3-BF4B-00C04F79EFBC}") = "EllieSpeed.Receive", "EllieSpeed.Receive\EllieSpeed.Receive.csproj", "{6501D7FC-E71A-4BF9-A585-56126183883B}"
EndProject
Project("{FAE04EC0-301F-11D3-BF4B-00C04F79EFBC}") = "EllieSpeed.Receive.Console", "EllieSpeed.Receive.Console\EllieSpeed.Receive.Console.csproj", "{9C73403B-7189-4BEC-933A-BBD08447C5CC}"
EndProject
Project("{FAE04EC0-301F-11D3-BF4B-00C04F79EFBC}") = "ZedGraph", "ZedGraph\Source\ZedGraph.csproj", "{2541686B-1673-43BF-AF89-3163945DB009}"
EndProject
Global
	GlobalSection(SolutionConfigurationPlatforms) = preSolution
		Debug|Any CPU = Debug|Any CPU
		Debug|Mixed Platforms = Debug|Mixed Platforms
		Debug|Win32 = Debug|Win32
		Debug|x86 = Debug|x86
		Release|Any CPU = Release|Any CPU
		Release|Mixed Platforms = Release|Mixed Platforms
		Release|Win32 = Release|Win32
		Release|x86 = Release|x86
	EndGlobalSection
	GlobalSection(ProjectConfigurationPlatforms) = postSolution
		{39EEA429-10D2-421E-95F3-D902315B6ACA}.Debug|Any CPU.ActiveCfg = Debug|Win32
		{39EEA429-10D2-421E-95F3-D902315B6ACA}.Debug|Mixed Platforms.ActiveCfg = Debug|Win32
		{39EEA429-10D2-421E-95F3-D902315B6ACA}.Debug|Mixed Platforms.Build.0 = Debug|Win32
		{39EEA429-10D2-421E-95F3-D902315B6ACA}.Debug|Win32.ActiveCfg = Debug|Win32
		{39EEA429-10D2-421E-95F3-D902315B6ACA}.Debug|Win32.Build.0 = Debug|Win32
		{39EEA429-10D2-421E-95F3-D902315B6ACA}.Debug|x86.ActiveCfg = Debug|Win32
		{39EEA429-10D2-421E-95F3-D902315B6ACA}.Release|Any CPU.ActiveCfg = Release|Win32
		{39EEA429-10D2-421E-95F3-D902315B6ACA}.Release|Mixed Platforms.ActiveCfg = Release|Win32
		{39EEA429-10D2-421E-95F3-D902315B6ACA}.Release|Mixed Platforms.Build.0 = Release|Win32
		{39EEA429-10D2-421E-95F3-D902315B6ACA}.Release|Win32.ActiveCfg = Release|Win32
		{39EEA429-10D2-421E-95F3-D902315B6ACA}.Release|Win32.Build.0 = Release|Win32
		{39EEA429-10D2-421E-95F3-D902315B6ACA}.Release|x86.ActiveCfg = Release|Win32
		{33CB6B1E-0A4C-4DD3-9EDA-D1EB85D58A86}.Debug|Any CPU.ActiveCfg = Debug|Any CPU
		{33CB6B1E-0A4C-4DD3-9EDA-D1EB85D58A86}.Debug|Any CPU.Build.0 = Debug|Any CPU
		{33CB6B1E-0A4C-4DD3-9EDA-D1EB85D58A86}.Debug|Mixed Platforms.ActiveCfg = Debug|Any CPU
		{33CB6B1E-0A4C-4DD3-9EDA-D1EB85D58A86}.Debug|Mixed Platforms.Build.0 = Debug|Any CPU
		{33CB6B1E-0A4C-4DD3-9EDA-D1EB85D58A86}.Debug|Win32.ActiveCfg = Debug|Any CPU
		{33CB6B1E-0A4C-4DD3-9EDA-D1EB85D58A86}.Debug|x86.ActiveCfg = Debug|Any CPU
		{33CB6B1E-0A4C-4DD3-9EDA-D1EB85D58A86}.Release|Any CPU.ActiveCfg = Release|Any CPU
		{33CB6B1E-0A4C-4DD3-9EDA-D1EB85D58A86}.Release|Any CPU.Build.0 = Release|Any CPU
		{33CB6B1E-0A4C-4DD3-9EDA-D1EB85D58A86}.Release|Mixed Platforms.ActiveCfg = Release|Any CPU
		{33CB6B1E-0A4C-4DD3-9EDA-D1EB85D58A86}.Release|Mixed Platforms.Build.0 = Release|Any CPU
		{33CB6B1E-0A4C-4DD3-9EDA-D1EB85D58A86}.Release|Win32.ActiveCfg = Release|Any CPU
		{33CB6B1E-0A4C-4DD3-9EDA-D1EB85D58A86}.Release|x86.ActiveCfg = Release|Any CPU
		{6876CD48-53D2-44C7-A077-2BF6A73CB366}.Debug|Any CPU.ActiveCfg = Debug|Any CPU
		{6876CD48-53D2-44C7-A077-2BF6A73CB366}.Debug|Any CPU.Build.0 = Debug|Any CPU
		{6876CD48-53D2-44C7-A077-2BF6A73CB366}.Debug|Mixed Platforms.ActiveCfg = Debug|Any CPU
		{6876CD48-53D2-44C7-A077-2BF6A73CB366}.Debug|Mixed Platforms.Build.0 = Debug|Any CPU
		{6876CD48-53D2-44C7-A077-2BF6A73CB366}.Debug|Win32.ActiveCfg = Debug|Any CPU
		{6876CD48-53D2-44C7-A077-2BF6A73CB366}.Debug|x86.ActiveCfg = Debug|Any CPU
		{6876CD48-53D2-44C7-A077-2BF6A73CB366}.Release|Any CPU.ActiveCfg = Release|Any CPU
		{6876CD48-53D2-44C7-A077-2BF6A73CB366}.Release|Any CPU.Build.0 = Release|Any CPU
		{6876CD48-53D2-44C7-A077-2BF6A73CB366}.Release|Mixed Platforms.ActiveCfg = Release|Any CPU
		{6876CD48-53D2-44C7-A077-2BF6A73CB366}.Release|Mixed Platforms.Build.0 = Release|Any CPU
		{6876CD48-53D2-44C7-A077-2BF6A73CB366}.Release|Win32.ActiveCfg = Release|Any CPU
		{6876CD48-53D2-44C7-A077-2BF6A73CB366}.Release|x86.ActiveCfg = Release|Any CPU
		{180EA89E-CB8D-4889-B70E-4F5A77B219ED}.Debug|Any CPU.ActiveCfg = Debug|Any CPU
		{180EA89E-CB8D-4889-B70E-4F5A77B219ED}.Debug|Any CPU.Build.0 = Debug|Any CPU
		{180EA89E-CB8D-4889-B70E-4F5A77B219ED}.Debug|Mixed Platforms.ActiveCfg = Debug|Any CPU
		{180EA89E-CB8D-4889-B70E-4F5A77B219ED}.Debug|Mixed Platforms.Build.0 = Debug|Any CPU
		{180EA89E-CB8D-4889-B70E-4F5A77B219ED}.Debug|Win32.ActiveCfg = Debug|Any CPU
		{180EA89E-CB8D-4889-B70E-4F5A77B219ED}.Debug|x86.ActiveCfg = Debug|Any CPU
		{180EA89E-CB8D-4889-B70E-4F5A77B219ED}.Release|Any CPU.ActiveCfg = Release|Any CPU
		{180EA89E-CB8D-4889-B70E-4F5A77B219ED}.Release|Any CPU.Build.0 = Release|Any CPU
		{180EA89E-CB8D-4889-B70E-4F5A77B219ED}.Release|Mixed Platforms.ActiveCfg = Release|Any CPU
		{180EA89E-CB8D-4889-B70E-4F5A77B219ED}.Release|Mixed Platforms.Build.0 = Release|Any CPU
		{180EA89E-CB8D-4889-B70E-4F5A77B219ED}.Release|Win32.ActiveCfg = Release|Any CPU
		{180EA89E-CB8D-4889-B70E-4F5A77B219ED}.Release|x86.ActiveCfg = Release|Any CPU
		{6501D7FC-E71A-4BF9-A585-56126183883B}.Debug|Any CPU.ActiveCfg = Debug|Any CPU
		{6501D7FC-E71A-4BF9-A585-56126183883B}.Debug|Any CPU.Build.0 = Debug|Any CPU
		{6501D7FC-E71A-4BF9-A585-56126183883B}.Debug|Mixed Platforms.ActiveCfg = Debug|Any CPU
		{6501D7FC-E71A-4BF9-A585-56126183883B}.Debug|Mixed Platforms.Build.0 = Debug|Any CPU
		{6501D7FC-E71A-4BF9-A585-56126183883B}.Debug|Win32.ActiveCfg = Debug|Any CPU
		{6501D7FC-E71A-4BF9-A585-56126183883B}.Debug|x86.ActiveCfg = Debug|Any CPU
		{6501D7FC-E71A-4BF9-A585-56126183883B}.Release|Any CPU.ActiveCfg = Release|Any CPU
		{6501D7FC-E71A-4BF9-A585-56126183883B}.Release|Any CPU.Build.0 = Release|Any CPU
		{6501D7FC-E71A-4BF9-A585-56126183883B}.Release|Mixed Platforms.ActiveCfg = Release|Any CPU
		{6501D7FC-E71A-4BF9-A585-56126183883B}.Release|Mixed Platforms.Build.0 = Release|Any CPU
		{6501D7FC-E71A-4BF9-A585-56126183883B}.Release|Win32.ActiveCfg = Release|Any CPU
		{6501D7FC-E71A-4BF9-A585-56126183883B}.Release|x86.ActiveCfg = Release|Any CPU
		{9C73403B-7189-4BEC-933A-BBD08447C5CC}.Debug|Any CPU.ActiveCfg = Debug|x86
		{9C73403B-7189-4BEC-933A-BBD08447C5CC}.Debug|Mixed Platforms.ActiveCfg = Debug|x86
		{9C73403B-7189-4BEC-933A-BBD08447C5CC}.Debug|Mixed Platforms.Build.0 = Debug|x86
		{9C73403B-7189-4BEC-933A-BBD08447C5CC}.Debug|Win32.ActiveCfg = Debug|x86
		{9C73403B-7189-4BEC-933A-BBD08447C5CC}.Debug|x86.ActiveCfg = Debug|x86
		{9C73403B-7189-4BEC-933A-BBD08447C5CC}.Debug|x86.Build.0 = Debug|x86
		{9C73403B-7189-4BEC-933A-BBD08447C5CC}.Release|Any CPU.ActiveCfg = Release|x86
		{9C73403B-7189-4BEC-933A-BBD08447C5CC}.Release|Mixed Platforms.ActiveCfg = Release|x86
		{9C73403B-7189-4BEC-933A-BBD08447C5CC}.Release|Mixed Platforms.Build.0 = Release|x86
		{9C73403B-7189-4BEC-933A-BBD08447C5CC}.Release|Win32.ActiveCfg = Release|x86
		{9C73403B-7189-4BEC-933A-BBD08447C5CC}.Release|x86.ActiveCfg = Release|x86
		{9C73403B-7189-4BEC-933A-BBD08447C5CC}.Release|x86.Build.0 = Release|x86
		{2541686B-1673-43BF-AF89-3163945DB009}.Debug|Any CPU.ActiveCfg = Debug|Any CPU
		{2541686B-1673-43BF-AF89-3163945DB009}.Debug|Any CPU.Build.0 = Debug|Any CPU
		{2541686B-1673-43BF-AF89-3163945DB009}.Debug|Mixed Platforms.ActiveCfg = Debug|Any CPU
		{2541686B-1673-43BF-AF89-3163945DB009}.Debug|Mixed Platforms.Build.0 = Debug|Any CPU
		{2541686B-1673-43BF-AF89-3163945DB009}.Debug|Win32.ActiveCfg = Debug|Any CPU
		{2541686B-1673-43BF-AF89-3163945DB009}.Debug|x86.ActiveCfg = Debug|Any CPU
		{2541686B-1673-43BF-AF89-3163945DB009}.Release|Any CPU.ActiveCfg = Release|Any CPU
		{2541686B-1673-43BF-AF89-3163945DB009}.Release|Any CPU.Build.0 = Release|Any CPU
		{2541686B-1673-43BF-AF89-3163945DB009}.Release|Mixed Platforms.ActiveCfg = Release|Any CPU
		{2541686B-1673-43BF-AF89-3163945DB009}.Release|Mixed Platforms.Build.0 = Release|Any CPU
		{2541686B-1673-43BF-AF89-3163945DB009}.Release|Win32.ActiveCfg = Release|Any CPU
		{2541686B-1673-43BF-AF89-3163945DB009}.Release|x86.ActiveCfg = Release|Any CPU
	EndGlobalSection
	GlobalSection(SolutionProperties) = preSolution
		HideSolutionNode = FALSE
	EndGlobalSection
EndGlobal
