
Microsoft Visual Studio Solution File, Format Version 11.00
# Visual Studio 2010
Project("{8BC9CEB8-8B4A-11D0-8D11-00A0C91BC942}") = "EllieSpeed.Plugin", "EllieSpeed.Plugin\EllieSpeed.Plugin.vcxproj", "{39EEA429-10D2-421E-95F3-D902315B6ACA}"
EndProject
Project("{FAE04EC0-301F-11D3-BF4B-00C04F79EFBC}") = "EllieSpeed.Plugin.Test", "EllieSpeed.Plugin.Test\EllieSpeed.Plugin.Test.csproj", "{33CB6B1E-0A4C-4DD3-9EDA-D1EB85D58A86}"
EndProject
Project("{FAE04EC0-301F-11D3-BF4B-00C04F79EFBC}") = "EllieSpeed.Broadcast", "EllieSpeed.Broadcast\EllieSpeed.Broadcast.csproj", "{180EA89E-CB8D-4889-B70E-4F5A77B219ED}"
EndProject
Project("{FAE04EC0-301F-11D3-BF4B-00C04F79EFBC}") = "EllieSpeed.Receive", "EllieSpeed.Receive\EllieSpeed.Receive.csproj", "{6501D7FC-E71A-4BF9-A585-56126183883B}"
EndProject
Project("{FAE04EC0-301F-11D3-BF4B-00C04F79EFBC}") = "EllieSpeed.Receive.Console", "EllieSpeed.Receive.Console\EllieSpeed.Receive.Console.csproj", "{9C73403B-7189-4BEC-933A-BBD08447C5CC}"
EndProject
Project("{FAE04EC0-301F-11D3-BF4B-00C04F79EFBC}") = "ZedGraph", "ZedGraph\Source\ZedGraph.csproj", "{2541686B-1673-43BF-AF89-3163945DB009}"
EndProject
Project("{FAE04EC0-301F-11D3-BF4B-00C04F79EFBC}") = "ZGControlTest", "ZedGraph\Samples\CSharp\ZGControlTest\ZGControlTest.csproj", "{E34DD39C-7E93-40C9-B72B-2E5709003CF3}"
EndProject
Project("{FAE04EC0-301F-11D3-BF4B-00C04F79EFBC}") = "EllieSpeed.DataLogger", "EllieSpeed.DataLogger\EllieSpeed.DataLogger.csproj", "{B1BCC89E-5046-48C1-8B83-7799824DA37D}"
EndProject
Project("{FAE04EC0-301F-11D3-BF4B-00C04F79EFBC}") = "EllieSpeed.DataLogger.Test", "EllieSpeed.DataLogger.Test\EllieSpeed.DataLogger.Test.csproj", "{D94FD666-1082-443E-9A1D-F1FB7AB16D12}"
EndProject
Project("{FAE04EC0-301F-11D3-BF4B-00C04F79EFBC}") = "EllieSpeed.Utilities", "EllieSpeed.Utilities\EllieSpeed.Utilities.csproj", "{3CFF1EBD-E509-4B14-B0F0-371DFF5ED75F}"
EndProject
Project("{FAE04EC0-301F-11D3-BF4B-00C04F79EFBC}") = "EllieSpeed.Test.Utilties", "EllieSpeed.Test.Utilties\EllieSpeed.Test.Utilties.csproj", "{0FDAE05E-FAB3-4D9E-A26F-4BDC9A0276B4}"
EndProject
Project("{FAE04EC0-301F-11D3-BF4B-00C04F79EFBC}") = "EllieSpeed.DataLogger.SQLite", "EllieSpeed.DataLogger.SQLite\EllieSpeed.DataLogger.SQLite.csproj", "{393DFADC-3C66-4D70-93F5-C74529D4A118}"
EndProject
Project("{FAE04EC0-301F-11D3-BF4B-00C04F79EFBC}") = "EllieSpeed.DataLogger.Visualiser", "EllieSpeed.DataLogger.Visualiser\EllieSpeed.DataLogger.Visualiser.csproj", "{6A90E9EC-FF31-4487-9D92-2BB7A0CB53D7}"
EndProject
Project("{FAE04EC0-301F-11D3-BF4B-00C04F79EFBC}") = "EllieSpeed.Arduino", "EllieSpeed.Arduino\EllieSpeed.Arduino.csproj", "{E9BABA9B-B8F9-418A-8440-A2570AC21441}"
EndProject
Project("{FAE04EC0-301F-11D3-BF4B-00C04F79EFBC}") = "EllieSpeed.Arduino.Test", "EllieSpeed.Arduino.Test\EllieSpeed.Arduino.Test.csproj", "{3E242F0F-2CEB-4C1B-AA92-C8D49DED3DA7}"
EndProject
Project("{FAE04EC0-301F-11D3-BF4B-00C04F79EFBC}") = "CircularGauge", "CircularGauge\CircularGauge\CircularGauge.csproj", "{6EFD5895-177B-4BBB-AF52-29F4D53B3FBD}"
EndProject
Project("{FAE04EC0-301F-11D3-BF4B-00C04F79EFBC}") = "CircularGaugeDemoWPF", "CircularGauge\CircularGaugeDemoWPF\CircularGaugeDemoWPF.csproj", "{4AF0278B-CEB2-477C-A3DC-0D5474757C4D}"
EndProject
Project("{FAE04EC0-301F-11D3-BF4B-00C04F79EFBC}") = "EllieSpeed.Tachometer", "EllieSpeed.Tachometer\EllieSpeed.Tachometer.csproj", "{F834E431-3E18-4409-A270-84F1B6981586}"
EndProject
Project("{FAE04EC0-301F-11D3-BF4B-00C04F79EFBC}") = "EllieSpeed.Tachometer.Test", "EllieSpeed.Tachometer.Test\EllieSpeed.Tachometer.Test.csproj", "{FED97DC3-4D25-4D85-BDED-DFFC14A47131}"
EndProject
Global
	GlobalSection(SolutionConfigurationPlatforms) = preSolution
		Debug|Any CPU = Debug|Any CPU
		Debug|Mixed Platforms = Debug|Mixed Platforms
		Debug|Win32 = Debug|Win32
		Debug|x86 = Debug|x86
		Release|Any CPU = Release|Any CPU
		Release|Mixed Platforms = Release|Mixed Platforms
		Release|Win32 = Release|Win32
		Release|x86 = Release|x86
	EndGlobalSection
	GlobalSection(ProjectConfigurationPlatforms) = postSolution
		{39EEA429-10D2-421E-95F3-D902315B6ACA}.Debug|Any CPU.ActiveCfg = Debug|Win32
		{39EEA429-10D2-421E-95F3-D902315B6ACA}.Debug|Mixed Platforms.ActiveCfg = Debug|Win32
		{39EEA429-10D2-421E-95F3-D902315B6ACA}.Debug|Mixed Platforms.Build.0 = Debug|Win32
		{39EEA429-10D2-421E-95F3-D902315B6ACA}.Debug|Win32.ActiveCfg = Debug|Win32
		{39EEA429-10D2-421E-95F3-D902315B6ACA}.Debug|Win32.Build.0 = Debug|Win32
		{39EEA429-10D2-421E-95F3-D902315B6ACA}.Debug|x86.ActiveCfg = Debug|Win32
		{39EEA429-10D2-421E-95F3-D902315B6ACA}.Release|Any CPU.ActiveCfg = Release|Win32
		{39EEA429-10D2-421E-95F3-D902315B6ACA}.Release|Mixed Platforms.ActiveCfg = Release|Win32
		{39EEA429-10D2-421E-95F3-D902315B6ACA}.Release|Mixed Platforms.Build.0 = Release|Win32
		{39EEA429-10D2-421E-95F3-D902315B6ACA}.Release|Win32.ActiveCfg = Release|Win32
		{39EEA429-10D2-421E-95F3-D902315B6ACA}.Release|Win32.Build.0 = Release|Win32
		{39EEA429-10D2-421E-95F3-D902315B6ACA}.Release|x86.ActiveCfg = Release|Win32
		{33CB6B1E-0A4C-4DD3-9EDA-D1EB85D58A86}.Debug|Any CPU.ActiveCfg = Debug|Any CPU
		{33CB6B1E-0A4C-4DD3-9EDA-D1EB85D58A86}.Debug|Any CPU.Build.0 = Debug|Any CPU
		{33CB6B1E-0A4C-4DD3-9EDA-D1EB85D58A86}.Debug|Mixed Platforms.ActiveCfg = Debug|Any CPU
		{33CB6B1E-0A4C-4DD3-9EDA-D1EB85D58A86}.Debug|Mixed Platforms.Build.0 = Debug|Any CPU
		{33CB6B1E-0A4C-4DD3-9EDA-D1EB85D58A86}.Debug|Win32.ActiveCfg = Debug|Any CPU
		{33CB6B1E-0A4C-4DD3-9EDA-D1EB85D58A86}.Debug|x86.ActiveCfg = Debug|Any CPU
		{33CB6B1E-0A4C-4DD3-9EDA-D1EB85D58A86}.Release|Any CPU.ActiveCfg = Release|Any CPU
		{33CB6B1E-0A4C-4DD3-9EDA-D1EB85D58A86}.Release|Any CPU.Build.0 = Release|Any CPU
		{33CB6B1E-0A4C-4DD3-9EDA-D1EB85D58A86}.Release|Mixed Platforms.ActiveCfg = Release|Any CPU
		{33CB6B1E-0A4C-4DD3-9EDA-D1EB85D58A86}.Release|Mixed Platforms.Build.0 = Release|Any CPU
		{33CB6B1E-0A4C-4DD3-9EDA-D1EB85D58A86}.Release|Win32.ActiveCfg = Release|Any CPU
		{33CB6B1E-0A4C-4DD3-9EDA-D1EB85D58A86}.Release|x86.ActiveCfg = Release|Any CPU
		{180EA89E-CB8D-4889-B70E-4F5A77B219ED}.Debug|Any CPU.ActiveCfg = Debug|Any CPU
		{180EA89E-CB8D-4889-B70E-4F5A77B219ED}.Debug|Any CPU.Build.0 = Debug|Any CPU
		{180EA89E-CB8D-4889-B70E-4F5A77B219ED}.Debug|Mixed Platforms.ActiveCfg = Debug|Any CPU
		{180EA89E-CB8D-4889-B70E-4F5A77B219ED}.Debug|Mixed Platforms.Build.0 = Debug|Any CPU
		{180EA89E-CB8D-4889-B70E-4F5A77B219ED}.Debug|Win32.ActiveCfg = Debug|Any CPU
		{180EA89E-CB8D-4889-B70E-4F5A77B219ED}.Debug|x86.ActiveCfg = Debug|Any CPU
		{180EA89E-CB8D-4889-B70E-4F5A77B219ED}.Release|Any CPU.ActiveCfg = Release|Any CPU
		{180EA89E-CB8D-4889-B70E-4F5A77B219ED}.Release|Any CPU.Build.0 = Release|Any CPU
		{180EA89E-CB8D-4889-B70E-4F5A77B219ED}.Release|Mixed Platforms.ActiveCfg = Release|Any CPU
		{180EA89E-CB8D-4889-B70E-4F5A77B219ED}.Release|Mixed Platforms.Build.0 = Release|Any CPU
		{180EA89E-CB8D-4889-B70E-4F5A77B219ED}.Release|Win32.ActiveCfg = Release|Any CPU
		{180EA89E-CB8D-4889-B70E-4F5A77B219ED}.Release|x86.ActiveCfg = Release|Any CPU
		{6501D7FC-E71A-4BF9-A585-56126183883B}.Debug|Any CPU.ActiveCfg = Debug|Any CPU
		{6501D7FC-E71A-4BF9-A585-56126183883B}.Debug|Any CPU.Build.0 = Debug|Any CPU
		{6501D7FC-E71A-4BF9-A585-56126183883B}.Debug|Mixed Platforms.ActiveCfg = Debug|Any CPU
		{6501D7FC-E71A-4BF9-A585-56126183883B}.Debug|Mixed Platforms.Build.0 = Debug|Any CPU
		{6501D7FC-E71A-4BF9-A585-56126183883B}.Debug|Win32.ActiveCfg = Debug|Any CPU
		{6501D7FC-E71A-4BF9-A585-56126183883B}.Debug|x86.ActiveCfg = Debug|Any CPU
		{6501D7FC-E71A-4BF9-A585-56126183883B}.Release|Any CPU.ActiveCfg = Release|Any CPU
		{6501D7FC-E71A-4BF9-A585-56126183883B}.Release|Any CPU.Build.0 = Release|Any CPU
		{6501D7FC-E71A-4BF9-A585-56126183883B}.Release|Mixed Platforms.ActiveCfg = Release|Any CPU
		{6501D7FC-E71A-4BF9-A585-56126183883B}.Release|Mixed Platforms.Build.0 = Release|Any CPU
		{6501D7FC-E71A-4BF9-A585-56126183883B}.Release|Win32.ActiveCfg = Release|Any CPU
		{6501D7FC-E71A-4BF9-A585-56126183883B}.Release|x86.ActiveCfg = Release|Any CPU
		{9C73403B-7189-4BEC-933A-BBD08447C5CC}.Debug|Any CPU.ActiveCfg = Debug|x86
		{9C73403B-7189-4BEC-933A-BBD08447C5CC}.Debug|Mixed Platforms.ActiveCfg = Debug|x86
		{9C73403B-7189-4BEC-933A-BBD08447C5CC}.Debug|Mixed Platforms.Build.0 = Debug|x86
		{9C73403B-7189-4BEC-933A-BBD08447C5CC}.Debug|Win32.ActiveCfg = Debug|x86
		{9C73403B-7189-4BEC-933A-BBD08447C5CC}.Debug|x86.ActiveCfg = Debug|x86
		{9C73403B-7189-4BEC-933A-BBD08447C5CC}.Debug|x86.Build.0 = Debug|x86
		{9C73403B-7189-4BEC-933A-BBD08447C5CC}.Release|Any CPU.ActiveCfg = Release|x86
		{9C73403B-7189-4BEC-933A-BBD08447C5CC}.Release|Mixed Platforms.ActiveCfg = Release|x86
		{9C73403B-7189-4BEC-933A-BBD08447C5CC}.Release|Mixed Platforms.Build.0 = Release|x86
		{9C73403B-7189-4BEC-933A-BBD08447C5CC}.Release|Win32.ActiveCfg = Release|x86
		{9C73403B-7189-4BEC-933A-BBD08447C5CC}.Release|x86.ActiveCfg = Release|x86
		{9C73403B-7189-4BEC-933A-BBD08447C5CC}.Release|x86.Build.0 = Release|x86
		{2541686B-1673-43BF-AF89-3163945DB009}.Debug|Any CPU.ActiveCfg = Debug|Any CPU
		{2541686B-1673-43BF-AF89-3163945DB009}.Debug|Any CPU.Build.0 = Debug|Any CPU
		{2541686B-1673-43BF-AF89-3163945DB009}.Debug|Mixed Platforms.ActiveCfg = Debug|Any CPU
		{2541686B-1673-43BF-AF89-3163945DB009}.Debug|Mixed Platforms.Build.0 = Debug|Any CPU
		{2541686B-1673-43BF-AF89-3163945DB009}.Debug|Win32.ActiveCfg = Debug|Any CPU
		{2541686B-1673-43BF-AF89-3163945DB009}.Debug|x86.ActiveCfg = Debug|Any CPU
		{2541686B-1673-43BF-AF89-3163945DB009}.Release|Any CPU.ActiveCfg = Release|Any CPU
		{2541686B-1673-43BF-AF89-3163945DB009}.Release|Any CPU.Build.0 = Release|Any CPU
		{2541686B-1673-43BF-AF89-3163945DB009}.Release|Mixed Platforms.ActiveCfg = Release|Any CPU
		{2541686B-1673-43BF-AF89-3163945DB009}.Release|Mixed Platforms.Build.0 = Release|Any CPU
		{2541686B-1673-43BF-AF89-3163945DB009}.Release|Win32.ActiveCfg = Release|Any CPU
		{2541686B-1673-43BF-AF89-3163945DB009}.Release|x86.ActiveCfg = Release|Any CPU
		{E34DD39C-7E93-40C9-B72B-2E5709003CF3}.Debug|Any CPU.ActiveCfg = Debug|Any CPU
		{E34DD39C-7E93-40C9-B72B-2E5709003CF3}.Debug|Any CPU.Build.0 = Debug|Any CPU
		{E34DD39C-7E93-40C9-B72B-2E5709003CF3}.Debug|Mixed Platforms.ActiveCfg = Debug|Any CPU
		{E34DD39C-7E93-40C9-B72B-2E5709003CF3}.Debug|Mixed Platforms.Build.0 = Debug|Any CPU
		{E34DD39C-7E93-40C9-B72B-2E5709003CF3}.Debug|Win32.ActiveCfg = Debug|Any CPU
		{E34DD39C-7E93-40C9-B72B-2E5709003CF3}.Debug|x86.ActiveCfg = Debug|Any CPU
		{E34DD39C-7E93-40C9-B72B-2E5709003CF3}.Release|Any CPU.ActiveCfg = Release|Any CPU
		{E34DD39C-7E93-40C9-B72B-2E5709003CF3}.Release|Any CPU.Build.0 = Release|Any CPU
		{E34DD39C-7E93-40C9-B72B-2E5709003CF3}.Release|Mixed Platforms.ActiveCfg = Release|Any CPU
		{E34DD39C-7E93-40C9-B72B-2E5709003CF3}.Release|Mixed Platforms.Build.0 = Release|Any CPU
		{E34DD39C-7E93-40C9-B72B-2E5709003CF3}.Release|Win32.ActiveCfg = Release|Any CPU
		{E34DD39C-7E93-40C9-B72B-2E5709003CF3}.Release|x86.ActiveCfg = Release|Any CPU
		{B1BCC89E-5046-48C1-8B83-7799824DA37D}.Debug|Any CPU.ActiveCfg = Debug|Any CPU
		{B1BCC89E-5046-48C1-8B83-7799824DA37D}.Debug|Any CPU.Build.0 = Debug|Any CPU
		{B1BCC89E-5046-48C1-8B83-7799824DA37D}.Debug|Mixed Platforms.ActiveCfg = Debug|Any CPU
		{B1BCC89E-5046-48C1-8B83-7799824DA37D}.Debug|Mixed Platforms.Build.0 = Debug|Any CPU
		{B1BCC89E-5046-48C1-8B83-7799824DA37D}.Debug|Win32.ActiveCfg = Debug|Any CPU
		{B1BCC89E-5046-48C1-8B83-7799824DA37D}.Debug|x86.ActiveCfg = Debug|Any CPU
		{B1BCC89E-5046-48C1-8B83-7799824DA37D}.Release|Any CPU.ActiveCfg = Release|Any CPU
		{B1BCC89E-5046-48C1-8B83-7799824DA37D}.Release|Any CPU.Build.0 = Release|Any CPU
		{B1BCC89E-5046-48C1-8B83-7799824DA37D}.Release|Mixed Platforms.ActiveCfg = Release|Any CPU
		{B1BCC89E-5046-48C1-8B83-7799824DA37D}.Release|Mixed Platforms.Build.0 = Release|Any CPU
		{B1BCC89E-5046-48C1-8B83-7799824DA37D}.Release|Win32.ActiveCfg = Release|Any CPU
		{B1BCC89E-5046-48C1-8B83-7799824DA37D}.Release|x86.ActiveCfg = Release|Any CPU
		{D94FD666-1082-443E-9A1D-F1FB7AB16D12}.Debug|Any CPU.ActiveCfg = Debug|Any CPU
		{D94FD666-1082-443E-9A1D-F1FB7AB16D12}.Debug|Any CPU.Build.0 = Debug|Any CPU
		{D94FD666-1082-443E-9A1D-F1FB7AB16D12}.Debug|Mixed Platforms.ActiveCfg = Debug|Any CPU
		{D94FD666-1082-443E-9A1D-F1FB7AB16D12}.Debug|Mixed Platforms.Build.0 = Debug|Any CPU
		{D94FD666-1082-443E-9A1D-F1FB7AB16D12}.Debug|Win32.ActiveCfg = Debug|Any CPU
		{D94FD666-1082-443E-9A1D-F1FB7AB16D12}.Debug|x86.ActiveCfg = Debug|Any CPU
		{D94FD666-1082-443E-9A1D-F1FB7AB16D12}.Release|Any CPU.ActiveCfg = Release|Any CPU
		{D94FD666-1082-443E-9A1D-F1FB7AB16D12}.Release|Any CPU.Build.0 = Release|Any CPU
		{D94FD666-1082-443E-9A1D-F1FB7AB16D12}.Release|Mixed Platforms.ActiveCfg = Release|Any CPU
		{D94FD666-1082-443E-9A1D-F1FB7AB16D12}.Release|Mixed Platforms.Build.0 = Release|Any CPU
		{D94FD666-1082-443E-9A1D-F1FB7AB16D12}.Release|Win32.ActiveCfg = Release|Any CPU
		{D94FD666-1082-443E-9A1D-F1FB7AB16D12}.Release|x86.ActiveCfg = Release|Any CPU
		{3CFF1EBD-E509-4B14-B0F0-371DFF5ED75F}.Debug|Any CPU.ActiveCfg = Debug|Any CPU
		{3CFF1EBD-E509-4B14-B0F0-371DFF5ED75F}.Debug|Any CPU.Build.0 = Debug|Any CPU
		{3CFF1EBD-E509-4B14-B0F0-371DFF5ED75F}.Debug|Mixed Platforms.ActiveCfg = Debug|Any CPU
		{3CFF1EBD-E509-4B14-B0F0-371DFF5ED75F}.Debug|Mixed Platforms.Build.0 = Debug|Any CPU
		{3CFF1EBD-E509-4B14-B0F0-371DFF5ED75F}.Debug|Win32.ActiveCfg = Debug|Any CPU
		{3CFF1EBD-E509-4B14-B0F0-371DFF5ED75F}.Debug|x86.ActiveCfg = Debug|Any CPU
		{3CFF1EBD-E509-4B14-B0F0-371DFF5ED75F}.Release|Any CPU.ActiveCfg = Release|Any CPU
		{3CFF1EBD-E509-4B14-B0F0-371DFF5ED75F}.Release|Any CPU.Build.0 = Release|Any CPU
		{3CFF1EBD-E509-4B14-B0F0-371DFF5ED75F}.Release|Mixed Platforms.ActiveCfg = Release|Any CPU
		{3CFF1EBD-E509-4B14-B0F0-371DFF5ED75F}.Release|Mixed Platforms.Build.0 = Release|Any CPU
		{3CFF1EBD-E509-4B14-B0F0-371DFF5ED75F}.Release|Win32.ActiveCfg = Release|Any CPU
		{3CFF1EBD-E509-4B14-B0F0-371DFF5ED75F}.Release|x86.ActiveCfg = Release|Any CPU
		{0FDAE05E-FAB3-4D9E-A26F-4BDC9A0276B4}.Debug|Any CPU.ActiveCfg = Debug|Any CPU
		{0FDAE05E-FAB3-4D9E-A26F-4BDC9A0276B4}.Debug|Any CPU.Build.0 = Debug|Any CPU
		{0FDAE05E-FAB3-4D9E-A26F-4BDC9A0276B4}.Debug|Mixed Platforms.ActiveCfg = Debug|Any CPU
		{0FDAE05E-FAB3-4D9E-A26F-4BDC9A0276B4}.Debug|Mixed Platforms.Build.0 = Debug|Any CPU
		{0FDAE05E-FAB3-4D9E-A26F-4BDC9A0276B4}.Debug|Win32.ActiveCfg = Debug|Any CPU
		{0FDAE05E-FAB3-4D9E-A26F-4BDC9A0276B4}.Debug|x86.ActiveCfg = Debug|Any CPU
		{0FDAE05E-FAB3-4D9E-A26F-4BDC9A0276B4}.Release|Any CPU.ActiveCfg = Release|Any CPU
		{0FDAE05E-FAB3-4D9E-A26F-4BDC9A0276B4}.Release|Any CPU.Build.0 = Release|Any CPU
		{0FDAE05E-FAB3-4D9E-A26F-4BDC9A0276B4}.Release|Mixed Platforms.ActiveCfg = Release|Any CPU
		{0FDAE05E-FAB3-4D9E-A26F-4BDC9A0276B4}.Release|Mixed Platforms.Build.0 = Release|Any CPU
		{0FDAE05E-FAB3-4D9E-A26F-4BDC9A0276B4}.Release|Win32.ActiveCfg = Release|Any CPU
		{0FDAE05E-FAB3-4D9E-A26F-4BDC9A0276B4}.Release|x86.ActiveCfg = Release|Any CPU
		{393DFADC-3C66-4D70-93F5-C74529D4A118}.Debug|Any CPU.ActiveCfg = Debug|x86
		{393DFADC-3C66-4D70-93F5-C74529D4A118}.Debug|Mixed Platforms.ActiveCfg = Debug|x86
		{393DFADC-3C66-4D70-93F5-C74529D4A118}.Debug|Mixed Platforms.Build.0 = Debug|x86
		{393DFADC-3C66-4D70-93F5-C74529D4A118}.Debug|Win32.ActiveCfg = Debug|x86
		{393DFADC-3C66-4D70-93F5-C74529D4A118}.Debug|x86.ActiveCfg = Debug|x86
		{393DFADC-3C66-4D70-93F5-C74529D4A118}.Debug|x86.Build.0 = Debug|x86
		{393DFADC-3C66-4D70-93F5-C74529D4A118}.Release|Any CPU.ActiveCfg = Release|x86
		{393DFADC-3C66-4D70-93F5-C74529D4A118}.Release|Mixed Platforms.ActiveCfg = Release|x86
		{393DFADC-3C66-4D70-93F5-C74529D4A118}.Release|Mixed Platforms.Build.0 = Release|x86
		{393DFADC-3C66-4D70-93F5-C74529D4A118}.Release|Win32.ActiveCfg = Release|x86
		{393DFADC-3C66-4D70-93F5-C74529D4A118}.Release|x86.ActiveCfg = Release|x86
		{393DFADC-3C66-4D70-93F5-C74529D4A118}.Release|x86.Build.0 = Release|x86
		{6A90E9EC-FF31-4487-9D92-2BB7A0CB53D7}.Debug|Any CPU.ActiveCfg = Debug|x86
		{6A90E9EC-FF31-4487-9D92-2BB7A0CB53D7}.Debug|Mixed Platforms.ActiveCfg = Debug|x86
		{6A90E9EC-FF31-4487-9D92-2BB7A0CB53D7}.Debug|Mixed Platforms.Build.0 = Debug|x86
		{6A90E9EC-FF31-4487-9D92-2BB7A0CB53D7}.Debug|Win32.ActiveCfg = Debug|x86
		{6A90E9EC-FF31-4487-9D92-2BB7A0CB53D7}.Debug|x86.ActiveCfg = Debug|x86
		{6A90E9EC-FF31-4487-9D92-2BB7A0CB53D7}.Debug|x86.Build.0 = Debug|x86
		{6A90E9EC-FF31-4487-9D92-2BB7A0CB53D7}.Release|Any CPU.ActiveCfg = Release|x86
		{6A90E9EC-FF31-4487-9D92-2BB7A0CB53D7}.Release|Mixed Platforms.ActiveCfg = Release|x86
		{6A90E9EC-FF31-4487-9D92-2BB7A0CB53D7}.Release|Mixed Platforms.Build.0 = Release|x86
		{6A90E9EC-FF31-4487-9D92-2BB7A0CB53D7}.Release|Win32.ActiveCfg = Release|x86
		{6A90E9EC-FF31-4487-9D92-2BB7A0CB53D7}.Release|x86.ActiveCfg = Release|x86
		{6A90E9EC-FF31-4487-9D92-2BB7A0CB53D7}.Release|x86.Build.0 = Release|x86
		{E9BABA9B-B8F9-418A-8440-A2570AC21441}.Debug|Any CPU.ActiveCfg = Debug|Any CPU
		{E9BABA9B-B8F9-418A-8440-A2570AC21441}.Debug|Any CPU.Build.0 = Debug|Any CPU
		{E9BABA9B-B8F9-418A-8440-A2570AC21441}.Debug|Mixed Platforms.ActiveCfg = Debug|Any CPU
		{E9BABA9B-B8F9-418A-8440-A2570AC21441}.Debug|Mixed Platforms.Build.0 = Debug|Any CPU
		{E9BABA9B-B8F9-418A-8440-A2570AC21441}.Debug|Win32.ActiveCfg = Debug|Any CPU
		{E9BABA9B-B8F9-418A-8440-A2570AC21441}.Debug|x86.ActiveCfg = Debug|Any CPU
		{E9BABA9B-B8F9-418A-8440-A2570AC21441}.Release|Any CPU.ActiveCfg = Release|Any CPU
		{E9BABA9B-B8F9-418A-8440-A2570AC21441}.Release|Any CPU.Build.0 = Release|Any CPU
		{E9BABA9B-B8F9-418A-8440-A2570AC21441}.Release|Mixed Platforms.ActiveCfg = Release|Any CPU
		{E9BABA9B-B8F9-418A-8440-A2570AC21441}.Release|Mixed Platforms.Build.0 = Release|Any CPU
		{E9BABA9B-B8F9-418A-8440-A2570AC21441}.Release|Win32.ActiveCfg = Release|Any CPU
		{E9BABA9B-B8F9-418A-8440-A2570AC21441}.Release|x86.ActiveCfg = Release|Any CPU
		{3E242F0F-2CEB-4C1B-AA92-C8D49DED3DA7}.Debug|Any CPU.ActiveCfg = Debug|Any CPU
		{3E242F0F-2CEB-4C1B-AA92-C8D49DED3DA7}.Debug|Any CPU.Build.0 = Debug|Any CPU
		{3E242F0F-2CEB-4C1B-AA92-C8D49DED3DA7}.Debug|Mixed Platforms.ActiveCfg = Debug|Any CPU
		{3E242F0F-2CEB-4C1B-AA92-C8D49DED3DA7}.Debug|Mixed Platforms.Build.0 = Debug|Any CPU
		{3E242F0F-2CEB-4C1B-AA92-C8D49DED3DA7}.Debug|Win32.ActiveCfg = Debug|Any CPU
		{3E242F0F-2CEB-4C1B-AA92-C8D49DED3DA7}.Debug|x86.ActiveCfg = Debug|Any CPU
		{3E242F0F-2CEB-4C1B-AA92-C8D49DED3DA7}.Release|Any CPU.ActiveCfg = Release|Any CPU
		{3E242F0F-2CEB-4C1B-AA92-C8D49DED3DA7}.Release|Any CPU.Build.0 = Release|Any CPU
		{3E242F0F-2CEB-4C1B-AA92-C8D49DED3DA7}.Release|Mixed Platforms.ActiveCfg = Release|Any CPU
		{3E242F0F-2CEB-4C1B-AA92-C8D49DED3DA7}.Release|Mixed Platforms.Build.0 = Release|Any CPU
		{3E242F0F-2CEB-4C1B-AA92-C8D49DED3DA7}.Release|Win32.ActiveCfg = Release|Any CPU
		{3E242F0F-2CEB-4C1B-AA92-C8D49DED3DA7}.Release|x86.ActiveCfg = Release|Any CPU
		{6EFD5895-177B-4BBB-AF52-29F4D53B3FBD}.Debug|Any CPU.ActiveCfg = Debug|Any CPU
		{6EFD5895-177B-4BBB-AF52-29F4D53B3FBD}.Debug|Any CPU.Build.0 = Debug|Any CPU
		{6EFD5895-177B-4BBB-AF52-29F4D53B3FBD}.Debug|Mixed Platforms.ActiveCfg = Debug|Any CPU
		{6EFD5895-177B-4BBB-AF52-29F4D53B3FBD}.Debug|Mixed Platforms.Build.0 = Debug|Any CPU
		{6EFD5895-177B-4BBB-AF52-29F4D53B3FBD}.Debug|Win32.ActiveCfg = Debug|Any CPU
		{6EFD5895-177B-4BBB-AF52-29F4D53B3FBD}.Debug|x86.ActiveCfg = Debug|Any CPU
		{6EFD5895-177B-4BBB-AF52-29F4D53B3FBD}.Release|Any CPU.ActiveCfg = Release|Any CPU
		{6EFD5895-177B-4BBB-AF52-29F4D53B3FBD}.Release|Any CPU.Build.0 = Release|Any CPU
		{6EFD5895-177B-4BBB-AF52-29F4D53B3FBD}.Release|Mixed Platforms.ActiveCfg = Release|Any CPU
		{6EFD5895-177B-4BBB-AF52-29F4D53B3FBD}.Release|Mixed Platforms.Build.0 = Release|Any CPU
		{6EFD5895-177B-4BBB-AF52-29F4D53B3FBD}.Release|Win32.ActiveCfg = Release|Any CPU
		{6EFD5895-177B-4BBB-AF52-29F4D53B3FBD}.Release|x86.ActiveCfg = Release|Any CPU
		{4AF0278B-CEB2-477C-A3DC-0D5474757C4D}.Debug|Any CPU.ActiveCfg = Debug|Any CPU
		{4AF0278B-CEB2-477C-A3DC-0D5474757C4D}.Debug|Any CPU.Build.0 = Debug|Any CPU
		{4AF0278B-CEB2-477C-A3DC-0D5474757C4D}.Debug|Mixed Platforms.ActiveCfg = Debug|Any CPU
		{4AF0278B-CEB2-477C-A3DC-0D5474757C4D}.Debug|Mixed Platforms.Build.0 = Debug|Any CPU
		{4AF0278B-CEB2-477C-A3DC-0D5474757C4D}.Debug|Win32.ActiveCfg = Debug|Any CPU
		{4AF0278B-CEB2-477C-A3DC-0D5474757C4D}.Debug|x86.ActiveCfg = Debug|Any CPU
		{4AF0278B-CEB2-477C-A3DC-0D5474757C4D}.Release|Any CPU.ActiveCfg = Release|Any CPU
		{4AF0278B-CEB2-477C-A3DC-0D5474757C4D}.Release|Any CPU.Build.0 = Release|Any CPU
		{4AF0278B-CEB2-477C-A3DC-0D5474757C4D}.Release|Mixed Platforms.ActiveCfg = Release|Any CPU
		{4AF0278B-CEB2-477C-A3DC-0D5474757C4D}.Release|Mixed Platforms.Build.0 = Release|Any CPU
		{4AF0278B-CEB2-477C-A3DC-0D5474757C4D}.Release|Win32.ActiveCfg = Release|Any CPU
		{4AF0278B-CEB2-477C-A3DC-0D5474757C4D}.Release|x86.ActiveCfg = Release|Any CPU
		{F834E431-3E18-4409-A270-84F1B6981586}.Debug|Any CPU.ActiveCfg = Debug|x86
		{F834E431-3E18-4409-A270-84F1B6981586}.Debug|Mixed Platforms.ActiveCfg = Debug|x86
		{F834E431-3E18-4409-A270-84F1B6981586}.Debug|Mixed Platforms.Build.0 = Debug|x86
		{F834E431-3E18-4409-A270-84F1B6981586}.Debug|Win32.ActiveCfg = Debug|x86
		{F834E431-3E18-4409-A270-84F1B6981586}.Debug|x86.ActiveCfg = Debug|x86
		{F834E431-3E18-4409-A270-84F1B6981586}.Debug|x86.Build.0 = Debug|x86
		{F834E431-3E18-4409-A270-84F1B6981586}.Release|Any CPU.ActiveCfg = Release|x86
		{F834E431-3E18-4409-A270-84F1B6981586}.Release|Mixed Platforms.ActiveCfg = Release|x86
		{F834E431-3E18-4409-A270-84F1B6981586}.Release|Mixed Platforms.Build.0 = Release|x86
		{F834E431-3E18-4409-A270-84F1B6981586}.Release|Win32.ActiveCfg = Release|x86
		{F834E431-3E18-4409-A270-84F1B6981586}.Release|x86.ActiveCfg = Release|x86
		{F834E431-3E18-4409-A270-84F1B6981586}.Release|x86.Build.0 = Release|x86
		{FED97DC3-4D25-4D85-BDED-DFFC14A47131}.Debug|Any CPU.ActiveCfg = Debug|x86
		{FED97DC3-4D25-4D85-BDED-DFFC14A47131}.Debug|Mixed Platforms.ActiveCfg = Debug|x86
		{FED97DC3-4D25-4D85-BDED-DFFC14A47131}.Debug|Mixed Platforms.Build.0 = Debug|x86
		{FED97DC3-4D25-4D85-BDED-DFFC14A47131}.Debug|Win32.ActiveCfg = Debug|x86
		{FED97DC3-4D25-4D85-BDED-DFFC14A47131}.Debug|x86.ActiveCfg = Debug|x86
		{FED97DC3-4D25-4D85-BDED-DFFC14A47131}.Debug|x86.Build.0 = Debug|x86
		{FED97DC3-4D25-4D85-BDED-DFFC14A47131}.Release|Any CPU.ActiveCfg = Release|x86
		{FED97DC3-4D25-4D85-BDED-DFFC14A47131}.Release|Mixed Platforms.ActiveCfg = Release|x86
		{FED97DC3-4D25-4D85-BDED-DFFC14A47131}.Release|Mixed Platforms.Build.0 = Release|x86
		{FED97DC3-4D25-4D85-BDED-DFFC14A47131}.Release|Win32.ActiveCfg = Release|x86
		{FED97DC3-4D25-4D85-BDED-DFFC14A47131}.Release|x86.ActiveCfg = Release|x86
		{FED97DC3-4D25-4D85-BDED-DFFC14A47131}.Release|x86.Build.0 = Release|x86
	EndGlobalSection
	GlobalSection(SolutionProperties) = preSolution
		HideSolutionNode = FALSE
	EndGlobalSection
EndGlobal
